
Microsoft Visual Studio Solution File, Format Version 12.00
# Visual Studio 14
VisualStudioVersion = 14.0.25420.1
MinimumVisualStudioVersion = 10.0.40219.1
Project("{FAE04EC0-301F-11D3-BF4B-00C04F79EFBC}") = "Toolkit", "Toolkit\Toolkit.csproj", "{801152F6-9F32-4771-98C0-C532C28CD3A0}"
EndProject
Project("{FAE04EC0-301F-11D3-BF4B-00C04F79EFBC}") = "Toolkit.UnitTests", "Toolkit.UnitTests\Toolkit.UnitTests.csproj", "{51647DC1-7506-45B5-A78F-330DB03BF1B2}"
EndProject
Project("{FAE04EC0-301F-11D3-BF4B-00C04F79EFBC}") = "BusinessObjects", "BusinessObjects\BusinessObjects.csproj", "{1788A75F-B6F2-435E-8944-D46952E1770B}"
EndProject
Project("{FAE04EC0-301F-11D3-BF4B-00C04F79EFBC}") = "Tasker.UnitTests", "Tasker.UnitTests\Tasker.UnitTests.csproj", "{8D0B0D32-5263-4894-B3DD-6BD52EE13B0D}"
EndProject
Global
	GlobalSection(SolutionConfigurationPlatforms) = preSolution
		Debug|Any CPU = Debug|Any CPU
		Release|Any CPU = Release|Any CPU
	EndGlobalSection
	GlobalSection(ProjectConfigurationPlatforms) = postSolution
		{801152F6-9F32-4771-98C0-C532C28CD3A0}.Debug|Any CPU.ActiveCfg = Debug|Any CPU
		{801152F6-9F32-4771-98C0-C532C28CD3A0}.Debug|Any CPU.Build.0 = Debug|Any CPU
		{801152F6-9F32-4771-98C0-C532C28CD3A0}.Release|Any CPU.ActiveCfg = Release|Any CPU
		{801152F6-9F32-4771-98C0-C532C28CD3A0}.Release|Any CPU.Build.0 = Release|Any CPU
		{51647DC1-7506-45B5-A78F-330DB03BF1B2}.Debug|Any CPU.ActiveCfg = Debug|Any CPU
		{51647DC1-7506-45B5-A78F-330DB03BF1B2}.Debug|Any CPU.Build.0 = Debug|Any CPU
		{51647DC1-7506-45B5-A78F-330DB03BF1B2}.Release|Any CPU.ActiveCfg = Release|Any CPU
		{51647DC1-7506-45B5-A78F-330DB03BF1B2}.Release|Any CPU.Build.0 = Release|Any CPU
		{1788A75F-B6F2-435E-8944-D46952E1770B}.Debug|Any CPU.ActiveCfg = Debug|Any CPU
		{1788A75F-B6F2-435E-8944-D46952E1770B}.Debug|Any CPU.Build.0 = Debug|Any CPU
		{1788A75F-B6F2-435E-8944-D46952E1770B}.Release|Any CPU.ActiveCfg = Release|Any CPU
		{1788A75F-B6F2-435E-8944-D46952E1770B}.Release|Any CPU.Build.0 = Release|Any CPU
		{8D0B0D32-5263-4894-B3DD-6BD52EE13B0D}.Debug|Any CPU.ActiveCfg = Debug|Any CPU
		{8D0B0D32-5263-4894-B3DD-6BD52EE13B0D}.Debug|Any CPU.Build.0 = Debug|Any CPU
		{8D0B0D32-5263-4894-B3DD-6BD52EE13B0D}.Release|Any CPU.ActiveCfg = Release|Any CPU
		{8D0B0D32-5263-4894-B3DD-6BD52EE13B0D}.Release|Any CPU.Build.0 = Release|Any CPU
	EndGlobalSection
	GlobalSection(SolutionProperties) = preSolution
		HideSolutionNode = FALSE
	EndGlobalSection
EndGlobal
